
Microsoft Visual Studio Solution File, Format Version 12.00
# Visual Studio 2012
Project("{8BC9CEB8-8B4A-11D0-8D11-00A0C91BC942}") = "H264DLL", "H264DLL\H264DLL.vcxproj", "{0C712BED-0C52-44DC-B05A-DB7C92425424}"
EndProject
Global
	GlobalSection(SolutionConfigurationPlatforms) = preSolution
		Debug|Win32 = Debug|Win32
		Release|Win32 = Release|Win32
	EndGlobalSection
	GlobalSection(ProjectConfigurationPlatforms) = postSolution
		{0C712BED-0C52-44DC-B05A-DB7C92425424}.Debug|Win32.ActiveCfg = Debug|Win32
		{0C712BED-0C52-44DC-B05A-DB7C92425424}.Debug|Win32.Build.0 = Debug|Win32
		{0C712BED-0C52-44DC-B05A-DB7C92425424}.Release|Win32.ActiveCfg = Release|Win32
		{0C712BED-0C52-44DC-B05A-DB7C92425424}.Release|Win32.Build.0 = Release|Win32
	EndGlobalSection
	GlobalSection(SolutionProperties) = preSolution
		HideSolutionNode = FALSE
	EndGlobalSection
EndGlobal
